
Microsoft Visual Studio Solution File, Format Version 12.00
# Visual Studio Version 17
VisualStudioVersion = 17.2.32616.157
MinimumVisualStudioVersion = 10.0.40219.1
Project("{FAE04EC0-301F-11D3-BF4B-00C04F79EFBC}") = "student management system", "student management system\student management system.csproj", "{5BD1EFF5-B7B2-4A44-8379-C936212CE75D}"
EndProject
Global
	GlobalSection(SolutionConfigurationPlatforms) = preSolution
		Debug|Any CPU = Debug|Any CPU
		Release|Any CPU = Release|Any CPU
	EndGlobalSection
	GlobalSection(ProjectConfigurationPlatforms) = postSolution
		{5BD1EFF5-B7B2-4A44-8379-C936212CE75D}.Debug|Any CPU.ActiveCfg = Debug|Any CPU
		{5BD1EFF5-B7B2-4A44-8379-C936212CE75D}.Debug|Any CPU.Build.0 = Debug|Any CPU
		{5BD1EFF5-B7B2-4A44-8379-C936212CE75D}.Release|Any CPU.ActiveCfg = Release|Any CPU
		{5BD1EFF5-B7B2-4A44-8379-C936212CE75D}.Release|Any CPU.Build.0 = Release|Any CPU
	EndGlobalSection
	GlobalSection(SolutionProperties) = preSolution
		HideSolutionNode = FALSE
	EndGlobalSection
	GlobalSection(ExtensibilityGlobals) = postSolution
		SolutionGuid = {C26B9436-CD13-4088-AA85-3C5DE8BB241B}
	EndGlobalSection
EndGlobal
